lockfileVersion: '6.0'

settings:
  autoInstallPeers: true
  excludeLinksFromLockfile: false

dependencies:
  ipaddr.js:
    specifier: ^2.1.0
    version: 2.3.0

packages:

  /ipaddr.js@2.3.0:
    resolution: {integrity: sha512-Zv/pA+ciVFbCSBBjGfaKUya/CcGmUHzTydLMaTwrUUEM2DIEO3iZvueGxmacvmN50fGpGVKeTXpb2LcYQxeVdg==}
    engines: {node: '>= 10'}
    dev: false
